
Microsoft Visual Studio Solution File, Format Version 12.00
# Visual Studio Version 16
VisualStudioVersion = 16.0.30717.126
MinimumVisualStudioVersion = 10.0.40219.1
Project("{FAE04EC0-301F-11D3-BF4B-00C04F79EFBC}") = "Server_IPZ", "Server_IPZ.csproj", "{0DB5BC12-52E1-46BF-9D3E-843C309D3D8B}"
EndProject
Project("{2150E333-8FDC-42A3-9474-1A3956D46DE8}") = "Solution Items", "Solution Items", "{D5F48464-580B-4F7A-8697-EDDBEBB3C802}"
	ProjectSection(SolutionItems) = preProject
		.editorconfig = .editorconfig
	EndProjectSection
EndProject
Global
	GlobalSection(SolutionConfigurationPlatforms) = preSolution
		Debug|Any CPU = Debug|Any CPU
		Release|Any CPU = Release|Any CPU
	EndGlobalSection
	GlobalSection(ProjectConfigurationPlatforms) = postSolution
		{0DB5BC12-52E1-46BF-9D3E-843C309D3D8B}.Debug|Any CPU.ActiveCfg = Debug|Any CPU
		{0DB5BC12-52E1-46BF-9D3E-843C309D3D8B}.Debug|Any CPU.Build.0 = Debug|Any CPU
		{0DB5BC12-52E1-46BF-9D3E-843C309D3D8B}.Release|Any CPU.ActiveCfg = Release|Any CPU
		{0DB5BC12-52E1-46BF-9D3E-843C309D3D8B}.Release|Any CPU.Build.0 = Release|Any CPU
	EndGlobalSection
	GlobalSection(SolutionProperties) = preSolution
		HideSolutionNode = FALSE
	EndGlobalSection
	GlobalSection(ExtensibilityGlobals) = postSolution
		SolutionGuid = {4D8CA504-FD7B-4163-998F-83D7536067ED}
	EndGlobalSection
EndGlobal
