
Microsoft Visual Studio Solution File, Format Version 12.00
# Visual Studio Version 16
VisualStudioVersion = 16.0.30711.63
MinimumVisualStudioVersion = 10.0.40219.1
Project("{FAE04EC0-301F-11D3-BF4B-00C04F79EFBC}") = "lab_ipz2", "lab_ipz2\lab_ipz2.csproj", "{C67406EE-A850-4E7B-BFA2-D29052063777}"
EndProject
Global
	GlobalSection(SolutionConfigurationPlatforms) = preSolution
		Debug|Any CPU = Debug|Any CPU
		Release|Any CPU = Release|Any CPU
	EndGlobalSection
	GlobalSection(ProjectConfigurationPlatforms) = postSolution
		{C67406EE-A850-4E7B-BFA2-D29052063777}.Debug|Any CPU.ActiveCfg = Debug|Any CPU
		{C67406EE-A850-4E7B-BFA2-D29052063777}.Debug|Any CPU.Build.0 = Debug|Any CPU
		{C67406EE-A850-4E7B-BFA2-D29052063777}.Release|Any CPU.ActiveCfg = Release|Any CPU
		{C67406EE-A850-4E7B-BFA2-D29052063777}.Release|Any CPU.Build.0 = Release|Any CPU
	EndGlobalSection
	GlobalSection(SolutionProperties) = preSolution
		HideSolutionNode = FALSE
	EndGlobalSection
	GlobalSection(ExtensibilityGlobals) = postSolution
		SolutionGuid = {B6125524-9718-4CF8-9795-797DE1408DE4}
	EndGlobalSection
EndGlobal
